# THIS IS AN AUTOGENERATED FILE. DO NOT EDIT THIS FILE DIRECTLY.
# yarn lockfile v1


"@vuepress/plugin-active-header-links@^1.5.4":
  version "1.5.4"
  resolved "https://registry.npm.taobao.org/@vuepress/plugin-active-header-links/download/@vuepress/plugin-active-header-links-1.5.4.tgz#ffbfbce0d5932091043b766757683ca3b5420aef"
  integrity sha1-/7+84NWTIJEEO3ZnV2g8o7VCCu8=
  dependencies:
    lodash.debounce "^4.0.8"

"@vuepress/plugin-back-to-top@^1.5.4":
  version "1.5.4"
  resolved "https://registry.npm.taobao.org/@vuepress/plugin-back-to-top/download/@vuepress/plugin-back-to-top-1.5.4.tgz#f7904e1220fcd1cb457a819a6bf963b55c584bea"
  integrity sha1-95BOEiD80ctFeoGaa/ljtVxYS+o=
  dependencies:
    lodash.debounce "^4.0.8"

lodash.debounce@^4.0.8:
  version "4.0.8"
  resolved "https://registry.npm.taobao.org/lodash.debounce/download/lodash.debounce-4.0.8.tgz#82d79bff30a67c4005ffd5e2515300ad9ca4d7af"
  integrity sha1-gteb/zCmfEAF/9XiUVMArZyk168=

v-dialogs@^2.1.4:
  version "2.1.4"
  resolved "https://registry.yarnpkg.com/v-dialogs/-/v-dialogs-2.1.4.tgz#92225e750be1a3ff6dfdc6db43d403999b163004"
  integrity sha512-fCOEligjt1Qmt9YneyYKV8tFU5+KuzWcpSRgeYH/9KQ1koU5U9WhiQ2g8+zEWHW6YwtAJAoVJyia7gm/xk6t6w==
